Microsoft Visual Studio Solution File, Format Version 12.00
# Visual Studio Version 17
VisualStudioVersion = 17.5.2.0
MinimumVisualStudioVersion = 10.0.40219.1
Project("{2150E333-8FDC-42A3-9474-1A3956D46DE8}") = "backend", "backend", "{1AE8ACA6-933B-BF2A-3671-3E2EAC007D16}"
EndProject
Project("{FAE04EC0-301F-11D3-BF4B-00C04F79EFBC}") = "SimpleServer", "backend\src\SimpleServer.csproj", "{BEE9A82C-F0F2-ECF7-F8DA-AC35D60D4274}"
EndProject
Global
	GlobalSection(SolutionConfigurationPlatforms) = preSolution
		Debug|Any CPU = Debug|Any CPU
		Release|Any CPU = Release|Any CPU
	EndGlobalSection
	GlobalSection(ProjectConfigurationPlatforms) = postSolution
		{BEE9A82C-F0F2-ECF7-F8DA-AC35D60D4274}.Debug|Any CPU.ActiveCfg = Debug|Any CPU
		{BEE9A82C-F0F2-ECF7-F8DA-AC35D60D4274}.Debug|Any CPU.Build.0 = Debug|Any CPU
		{BEE9A82C-F0F2-ECF7-F8DA-AC35D60D4274}.Release|Any CPU.ActiveCfg = Release|Any CPU
		{BEE9A82C-F0F2-ECF7-F8DA-AC35D60D4274}.Release|Any CPU.Build.0 = Release|Any CPU
	EndGlobalSection
	GlobalSection(SolutionProperties) = preSolution
		HideSolutionNode = FALSE
	EndGlobalSection
	GlobalSection(NestedProjects) = preSolution
		{BEE9A82C-F0F2-ECF7-F8DA-AC35D60D4274} = {1AE8ACA6-933B-BF2A-3671-3E2EAC007D16}
	EndGlobalSection
	GlobalSection(ExtensibilityGlobals) = postSolution
		SolutionGuid = {DFC8212C-2484-4461-A27A-1432456EDD45}
	EndGlobalSection
EndGlobal
